
Microsoft Visual Studio Solution File, Format Version 12.00
# Visual Studio Version 17
VisualStudioVersion = 17.10.35122.118
MinimumVisualStudioVersion = 10.0.40219.1
Project("{FAE04EC0-301F-11D3-BF4B-00C04F79EFBC}") = "ListLab", "ListLab\ListLab.csproj", "{D9061587-EE7C-4ABF-915D-1BEBF449B1C1}"
EndProject
Global
	GlobalSection(SolutionConfigurationPlatforms) = preSolution
		Debug|Any CPU = Debug|Any CPU
		Release|Any CPU = Release|Any CPU
	EndGlobalSection
	GlobalSection(ProjectConfigurationPlatforms) = postSolution
		{D9061587-EE7C-4ABF-915D-1BEBF449B1C1}.Debug|Any CPU.ActiveCfg = Debug|Any CPU
		{D9061587-EE7C-4ABF-915D-1BEBF449B1C1}.Debug|Any CPU.Build.0 = Debug|Any CPU
		{D9061587-EE7C-4ABF-915D-1BEBF449B1C1}.Release|Any CPU.ActiveCfg = Release|Any CPU
		{D9061587-EE7C-4ABF-915D-1BEBF449B1C1}.Release|Any CPU.Build.0 = Release|Any CPU
	EndGlobalSection
	GlobalSection(SolutionProperties) = preSolution
		HideSolutionNode = FALSE
	EndGlobalSection
	GlobalSection(ExtensibilityGlobals) = postSolution
		SolutionGuid = {69210AC6-FCB0-46C0-A35F-227BAD5F8F1C}
	EndGlobalSection
EndGlobal
